// !$*UTF8*$!
{
	archiveVersion = 1;
	classes = {
	};
	objectVersion = 48;
	objects = {

/* Begin PBXBuildFile section */
		2221046A1FD6DFD8009A3362 /* NewSessionController.swift in Sources */ = {isa = PBXBuildFile; fileRef = 222104691FD6DFD8009A3362 /* NewSessionController.swift */; };
		2221046C1FD6E1F6009A3362 /* ProfileDataStore.swift in Sources */ = {isa = PBXBuildFile; fileRef = 2221046B1FD6E1F6009A3362 /* ProfileDataStore.swift */; };
		2221046E1FD6E387009A3362 /* ConfigureSessionController.swift in Sources */ = {isa = PBXBuildFile; fileRef = 2221046D1FD6E387009A3362 /* ConfigureSessionController.swift */; };
		222104701FD6E41E009A3362 /* UserHealthProfile.swift in Sources */ = {isa = PBXBuildFile; fileRef = 2221046F1FD6E41E009A3362 /* UserHealthProfile.swift */; };
		222104711FD6F1BD009A3362 /* UserHealthProfile.swift in Sources */ = {isa = PBXBuildFile; fileRef = 2221046F1FD6E41E009A3362 /* UserHealthProfile.swift */; };
		22519D791FD4D4E700D837E8 /* UserDefaultsManager.swift in Sources */ = {isa = PBXBuildFile; fileRef = 22519D781FD4D4E700D837E8 /* UserDefaultsManager.swift */; };
		22519D7A1FD4D52E00D837E8 /* UserDefaultsManager.swift in Sources */ = {isa = PBXBuildFile; fileRef = 22519D781FD4D4E700D837E8 /* UserDefaultsManager.swift */; };
		22519D7C1FD5988500D837E8 /* ParentConnector.swift in Sources */ = {isa = PBXBuildFile; fileRef = 22519D7B1FD5988500D837E8 /* ParentConnector.swift */; };
		22519D7E1FD599F400D837E8 /* WatchManager.swift in Sources */ = {isa = PBXBuildFile; fileRef = 22519D7D1FD599F400D837E8 /* WatchManager.swift */; };
		22A39E151FD4A9AB00005743 /* AppDelegate.swift in Sources */ = {isa = PBXBuildFile; fileRef = 22A39E141FD4A9AB00005743 /* AppDelegate.swift */; };
		22A39E171FD4A9AB00005743 /* ViewController.swift in Sources */ = {isa = PBXBuildFile; fileRef = 22A39E161FD4A9AB00005743 /* ViewController.swift */; };
		22A39E1A1FD4A9AB00005743 /* Main.storyboard in Resources */ = {isa = PBXBuildFile; fileRef = 22A39E181FD4A9AB00005743 /* Main.storyboard */; };
		22A39E1C1FD4A9AB00005743 /* Assets.xcassets in Resources */ = {isa = PBXBuildFile; fileRef = 22A39E1B1FD4A9AB00005743 /* Assets.xcassets */; };
		22A39E1F1FD4A9AB00005743 /* LaunchScreen.storyboard in Resources */ = {isa = PBXBuildFile; fileRef = 22A39E1D1FD4A9AB00005743 /* LaunchScreen.storyboard */; };
		22A39E241FD4A9AB00005743 /* Heart IntervalTraxR WatchKit App.app in Embed Watch Content */ = {isa = PBXBuildFile; fileRef = 22A39E231FD4A9AB00005743 /* Heart IntervalTraxR WatchKit App.app */; };
		22A39E2A1FD4A9AB00005743 /* Interface.storyboard in Resources */ = {isa = PBXBuildFile; fileRef = 22A39E281FD4A9AB00005743 /* Interface.storyboard */; };
		22A39E2C1FD4A9AB00005743 /* Assets.xcassets in Resources */ = {isa = PBXBuildFile; fileRef = 22A39E2B1FD4A9AB00005743 /* Assets.xcassets */; };
		22A39E331FD4A9AB00005743 /* Heart IntervalTraxR WatchKit Extension.appex in Embed App Extensions */ = {isa = PBXBuildFile; fileRef = 22A39E321FD4A9AB00005743 /* Heart IntervalTraxR WatchKit Extension.appex */; settings = {ATTRIBUTES = (RemoveHeadersOnCopy, ); }; };
		22A39E381FD4A9AB00005743 /* InterfaceController.swift in Sources */ = {isa = PBXBuildFile; fileRef = 22A39E371FD4A9AB00005743 /* InterfaceController.swift */; };
		22A39E3A1FD4A9AB00005743 /* ExtensionDelegate.swift in Sources */ = {isa = PBXBuildFile; fileRef = 22A39E391FD4A9AB00005743 /* ExtensionDelegate.swift */; };
		22A39E3C1FD4A9AB00005743 /* NotificationController.swift in Sources */ = {isa = PBXBuildFile; fileRef = 22A39E3B1FD4A9AB00005743 /* NotificationController.swift */; };
		22A39E3E1FD4A9AB00005743 /* Assets.xcassets in Resources */ = {isa = PBXBuildFile; fileRef = 22A39E3D1FD4A9AB00005743 /* Assets.xcassets */; };
		22A39E511FD4A9C200005743 /* HealthKit.framework in Frameworks */ = {isa = PBXBuildFile; fileRef = 22A39E501FD4A9C200005743 /* HealthKit.framework */; };
		22A39E551FD4AA0E00005743 /* HealthKitManager.swift in Sources */ = {isa = PBXBuildFile; fileRef = 22A39E521FD4AA0D00005743 /* HealthKitManager.swift */; };
		22A39E561FD4AA0E00005743 /* InterfaceControllerProtocol.swift in Sources */ = {isa = PBXBuildFile; fileRef = 22A39E531FD4AA0D00005743 /* InterfaceControllerProtocol.swift */; };
		22A39E571FD4AA0E00005743 /* HeartIntervalController.swift in Sources */ = {isa = PBXBuildFile; fileRef = 22A39E541FD4AA0E00005743 /* HeartIntervalController.swift */; };
		22A39E5A1FD4ABEF00005743 /* HealthKit.framework in Frameworks */ = {isa = PBXBuildFile; fileRef = 22A39E591FD4ABEF00005743 /* HealthKit.framework */; };
		22AF42381FD884C400547A74 /* ConfigureDurationController.swift in Sources */ = {isa = PBXBuildFile; fileRef = 22AF42371FD884C400547A74 /* ConfigureDurationController.swift */; };
		22F257431FD4B14C00E1AD7F /* HealthKitManager.swift in Sources */ = {isa = PBXBuildFile; fileRef = 22A39E521FD4AA0D00005743 /* HealthKitManager.swift */; };
		22F257441FD4C5FF00E1AD7F /* HeartIntervalController.swift in Sources */ = {isa = PBXBuildFile; fileRef = 22A39E541FD4AA0E00005743 /* HeartIntervalController.swift */; };
		22F257451FD4C60200E1AD7F /* InterfaceControllerProtocol.swift in Sources */ = {isa = PBXBuildFile; fileRef = 22A39E531FD4AA0D00005743 /* InterfaceControllerProtocol.swift */; };
/* End PBXBuildFile section */

/* Begin PBXContainerItemProxy section */
		22A39E251FD4A9AB00005743 /* PBXContainerItemProxy */ = {
			isa = PBXContainerItemProxy;
			containerPortal = 22A39E091FD4A9AB00005743 /* Project object */;
			proxyType = 1;
			remoteGlobalIDString = 22A39E221FD4A9AB00005743;
			remoteInfo = "Heart IntervalTraxR WatchKit App";
		};
		22A39E341FD4A9AB00005743 /* PBXContainerItemProxy */ = {
			isa = PBXContainerItemProxy;
			containerPortal = 22A39E091FD4A9AB00005743 /* Project object */;
			proxyType = 1;
			remoteGlobalIDString = 22A39E311FD4A9AB00005743;
			remoteInfo = "Heart IntervalTraxR WatchKit Extension";
		};
/* End PBXContainerItemProxy section */

/* Begin PBXCopyFilesBuildPhase section */
		22A39E461FD4A9AB00005743 /* Embed App Extensions */ = {
			isa = PBXCopyFilesBuildPhase;
			buildActionMask = 2147483647;
			dstPath = "";
			dstSubfolderSpec = 13;
			files = (
				22A39E331FD4A9AB00005743 /* Heart IntervalTraxR WatchKit Extension.appex in Embed App Extensions */,
			);
			name = "Embed App Extensions";
			runOnlyForDeploymentPostprocessing = 0;
		};
		22A39E4A1FD4A9AB00005743 /* Embed Watch Content */ = {
			isa = PBXCopyFilesBuildPhase;
			buildActionMask = 2147483647;
			dstPath = "$(CONTENTS_FOLDER_PATH)/Watch";
			dstSubfolderSpec = 16;
			files = (
				22A39E241FD4A9AB00005743 /* Heart IntervalTraxR WatchKit App.app in Embed Watch Content */,
			);
			name = "Embed Watch Content";
			runOnlyForDeploymentPostprocessing = 0;
		};
/* End PBXCopyFilesBuildPhase section */

/* Begin PBXFileReference section */
		222104691FD6DFD8009A3362 /* NewSessionController.swift */ = {isa = PBXFileReference; lastKnownFileType = sourcecode.swift; path = NewSessionController.swift; sourceTree = "<group>"; };
		2221046B1FD6E1F6009A3362 /* ProfileDataStore.swift */ = {isa = PBXFileReference; lastKnownFileType = sourcecode.swift; path = ProfileDataStore.swift; sourceTree = "<group>"; };
		2221046D1FD6E387009A3362 /* ConfigureSessionController.swift */ = {isa = PBXFileReference; lastKnownFileType = sourcecode.swift; path = ConfigureSessionController.swift; sourceTree = "<group>"; };
		2221046F1FD6E41E009A3362 /* UserHealthProfile.swift */ = {isa = PBXFileReference; lastKnownFileType = sourcecode.swift; path = UserHealthProfile.swift; sourceTree = "<group>"; };
		22519D781FD4D4E700D837E8 /* UserDefaultsManager.swift */ = {isa = PBXFileReference; lastKnownFileType = sourcecode.swift; path = UserDefaultsManager.swift; sourceTree = "<group>"; };
		22519D7B1FD5988500D837E8 /* ParentConnector.swift */ = {isa = PBXFileReference; lastKnownFileType = sourcecode.swift; path = ParentConnector.swift; sourceTree = "<group>"; };
		22519D7D1FD599F400D837E8 /* WatchManager.swift */ = {isa = PBXFileReference; lastKnownFileType = sourcecode.swift; path = WatchManager.swift; sourceTree = "<group>"; };
		22A39E111FD4A9AB00005743 /* Heart IntervalTraxR.app */ = {isa = PBXFileReference; explicitFileType = wrapper.application; includeInIndex = 0; path = "Heart IntervalTraxR.app"; sourceTree = BUILT_PRODUCTS_DIR; };
		22A39E141FD4A9AB00005743 /* AppDelegate.swift */ = {isa = PBXFileReference; lastKnownFileType = sourcecode.swift; path = AppDelegate.swift; sourceTree = "<group>"; };
		22A39E161FD4A9AB00005743 /* ViewController.swift */ = {isa = PBXFileReference; lastKnownFileType = sourcecode.swift; path = ViewController.swift; sourceTree = "<group>"; };
		22A39E191FD4A9AB00005743 /* Base */ = {isa = PBXFileReference; lastKnownFileType = file.storyboard; name = Base; path = Base.lproj/Main.storyboard; sourceTree = "<group>"; };
		22A39E1B1FD4A9AB00005743 /* Assets.xcassets */ = {isa = PBXFileReference; lastKnownFileType = folder.assetcatalog; path = Assets.xcassets; sourceTree = "<group>"; };
		22A39E1E1FD4A9AB00005743 /* Base */ = {isa = PBXFileReference; lastKnownFileType = file.storyboard; name = Base; path = Base.lproj/LaunchScreen.storyboard; sourceTree = "<group>"; };
		22A39E201FD4A9AB00005743 /* Info.plist */ = {isa = PBXFileReference; lastKnownFileType = text.plist.xml; path = Info.plist; sourceTree = "<group>"; };
		22A39E231FD4A9AB00005743 /* Heart IntervalTraxR WatchKit App.app */ = {isa = PBXFileReference; explicitFileType = wrapper.application; includeInIndex = 0; path = "Heart IntervalTraxR WatchKit App.app"; sourceTree = BUILT_PRODUCTS_DIR; };
		22A39E291FD4A9AB00005743 /* Base */ = {isa = PBXFileReference; lastKnownFileType = file.storyboard; name = Base; path = Base.lproj/Interface.storyboard; sourceTree = "<group>"; };
		22A39E2B1FD4A9AB00005743 /* Assets.xcassets */ = {isa = PBXFileReference; lastKnownFileType = folder.assetcatalog; path = Assets.xcassets; sourceTree = "<group>"; };
		22A39E2D1FD4A9AB00005743 /* Info.plist */ = {isa = PBXFileReference; lastKnownFileType = text.plist.xml; path = Info.plist; sourceTree = "<group>"; };
		22A39E321FD4A9AB00005743 /* Heart IntervalTraxR WatchKit Extension.appex */ = {isa = PBXFileReference; explicitFileType = "wrapper.app-extension"; includeInIndex = 0; path = "Heart IntervalTraxR WatchKit Extension.appex"; sourceTree = BUILT_PRODUCTS_DIR; };
		22A39E371FD4A9AB00005743 /* InterfaceController.swift */ = {isa = PBXFileReference; lastKnownFileType = sourcecode.swift; path = InterfaceController.swift; sourceTree = "<group>"; };
		22A39E391FD4A9AB00005743 /* ExtensionDelegate.swift */ = {isa = PBXFileReference; lastKnownFileType = sourcecode.swift; path = ExtensionDelegate.swift; sourceTree = "<group>"; };
		22A39E3B1FD4A9AB00005743 /* NotificationController.swift */ = {isa = PBXFileReference; lastKnownFileType = sourcecode.swift; path = NotificationController.swift; sourceTree = "<group>"; };
		22A39E3D1FD4A9AB00005743 /* Assets.xcassets */ = {isa = PBXFileReference; lastKnownFileType = folder.assetcatalog; path = Assets.xcassets; sourceTree = "<group>"; };
		22A39E3F1FD4A9AB00005743 /* Info.plist */ = {isa = PBXFileReference; lastKnownFileType = text.plist.xml; path = Info.plist; sourceTree = "<group>"; };
		22A39E401FD4A9AB00005743 /* PushNotificationPayload.apns */ = {isa = PBXFileReference; lastKnownFileType = text; path = PushNotificationPayload.apns; sourceTree = "<group>"; };
		22A39E4E1FD4A9C200005743 /* Heart IntervalTraxR WatchKit Extension.entitlements */ = {isa = PBXFileReference; lastKnownFileType = text.plist.entitlements; path = "Heart IntervalTraxR WatchKit Extension.entitlements"; sourceTree = "<group>"; };
		22A39E501FD4A9C200005743 /* HealthKit.framework */ = {isa = PBXFileReference; lastKnownFileType = wrapper.framework; name = HealthKit.framework; path = Platforms/WatchOS.platform/Developer/SDKs/WatchOS4.1.sdk/System/Library/Frameworks/HealthKit.framework; sourceTree = DEVELOPER_DIR; };
		22A39E521FD4AA0D00005743 /* HealthKitManager.swift */ = {isa = PBXFileReference; fileEncoding = 4; lastKnownFileType = sourcecode.swift; path = HealthKitManager.swift; sourceTree = "<group>"; };
		22A39E531FD4AA0D00005743 /* InterfaceControllerProtocol.swift */ = {isa = PBXFileReference; fileEncoding = 4; lastKnownFileType = sourcecode.swift; path = InterfaceControllerProtocol.swift; sourceTree = "<group>"; };
		22A39E541FD4AA0E00005743 /* HeartIntervalController.swift */ = {isa = PBXFileReference; fileEncoding = 4; lastKnownFileType = sourcecode.swift; path = HeartIntervalController.swift; sourceTree = "<group>"; };
		22A39E581FD4ABEF00005743 /* Heart IntervalTraxR.entitlements */ = {isa = PBXFileReference; lastKnownFileType = text.plist.entitlements; path = "Heart IntervalTraxR.entitlements"; sourceTree = "<group>"; };
		22A39E591FD4ABEF00005743 /* HealthKit.framework */ = {isa = PBXFileReference; lastKnownFileType = wrapper.framework; name = HealthKit.framework; path = System/Library/Frameworks/HealthKit.framework; sourceTree = SDKROOT; };
		22AF42371FD884C400547A74 /* ConfigureDurationController.swift */ = {isa = PBXFileReference; lastKnownFileType = sourcecode.swift; path = ConfigureDurationController.swift; sourceTree = "<group>"; };
/* End PBXFileReference section */

/* Begin PBXFrameworksBuildPhase section */
		22A39E0E1FD4A9AB00005743 /* Frameworks */ = {
			isa = PBXFrameworksBuildPhase;
			buildActionMask = 2147483647;
			files = (
				22A39E5A1FD4ABEF00005743 /* HealthKit.framework in Frameworks */,
			);
			runOnlyForDeploymentPostprocessing = 0;
		};
		22A39E2F1FD4A9AB00005743 /* Frameworks */ = {
			isa = PBXFrameworksBuildPhase;
			buildActionMask = 2147483647;
			files = (
				22A39E511FD4A9C200005743 /* HealthKit.framework in Frameworks */,
			);
			runOnlyForDeploymentPostprocessing = 0;
		};
/* End PBXFrameworksBuildPhase section */

/* Begin PBXGroup section */
		22A39E081FD4A9AB00005743 = {
			isa = PBXGroup;
			children = (
				22A39E131FD4A9AB00005743 /* Heart IntervalTraxR */,
				22A39E271FD4A9AB00005743 /* Heart IntervalTraxR WatchKit App */,
				22A39E361FD4A9AB00005743 /* Heart IntervalTraxR WatchKit Extension */,
				22A39E121FD4A9AB00005743 /* Products */,
				22A39E4F1FD4A9C200005743 /* Frameworks */,
			);
			sourceTree = "<group>";
		};
		22A39E121FD4A9AB00005743 /* Products */ = {
			isa = PBXGroup;
			children = (
				22A39E111FD4A9AB00005743 /* Heart IntervalTraxR.app */,
				22A39E231FD4A9AB00005743 /* Heart IntervalTraxR WatchKit App.app */,
				22A39E321FD4A9AB00005743 /* Heart IntervalTraxR WatchKit Extension.appex */,
			);
			name = Products;
			sourceTree = "<group>";
		};
		22A39E131FD4A9AB00005743 /* Heart IntervalTraxR */ = {
			isa = PBXGroup;
			children = (
				22A39E581FD4ABEF00005743 /* Heart IntervalTraxR.entitlements */,
				22A39E141FD4A9AB00005743 /* AppDelegate.swift */,
				22519D781FD4D4E700D837E8 /* UserDefaultsManager.swift */,
				22A39E161FD4A9AB00005743 /* ViewController.swift */,
				22519D7D1FD599F400D837E8 /* WatchManager.swift */,
				22A39E181FD4A9AB00005743 /* Main.storyboard */,
				22A39E1B1FD4A9AB00005743 /* Assets.xcassets */,
				22A39E1D1FD4A9AB00005743 /* LaunchScreen.storyboard */,
				22A39E201FD4A9AB00005743 /* Info.plist */,
			);
			path = "Heart IntervalTraxR";
			sourceTree = "<group>";
		};
		22A39E271FD4A9AB00005743 /* Heart IntervalTraxR WatchKit App */ = {
			isa = PBXGroup;
			children = (
				22A39E281FD4A9AB00005743 /* Interface.storyboard */,
				22A39E2B1FD4A9AB00005743 /* Assets.xcassets */,
				22A39E2D1FD4A9AB00005743 /* Info.plist */,
			);
			path = "Heart IntervalTraxR WatchKit App";
			sourceTree = "<group>";
		};
		22A39E361FD4A9AB00005743 /* Heart IntervalTraxR WatchKit Extension */ = {
			isa = PBXGroup;
			children = (
				22A39E521FD4AA0D00005743 /* HealthKitManager.swift */,
				2221046F1FD6E41E009A3362 /* UserHealthProfile.swift */,
				2221046B1FD6E1F6009A3362 /* ProfileDataStore.swift */,
				22A39E541FD4AA0E00005743 /* HeartIntervalController.swift */,
				22A39E531FD4AA0D00005743 /* InterfaceControllerProtocol.swift */,
				22A39E4E1FD4A9C200005743 /* Heart IntervalTraxR WatchKit Extension.entitlements */,
				22A39E371FD4A9AB00005743 /* InterfaceController.swift */,
				222104691FD6DFD8009A3362 /* NewSessionController.swift */,
				2221046D1FD6E387009A3362 /* ConfigureSessionController.swift */,
				22AF42371FD884C400547A74 /* ConfigureDurationController.swift */,
				22A39E391FD4A9AB00005743 /* ExtensionDelegate.swift */,
				22A39E3B1FD4A9AB00005743 /* NotificationController.swift */,
				22A39E3D1FD4A9AB00005743 /* Assets.xcassets */,
				22A39E3F1FD4A9AB00005743 /* Info.plist */,
				22A39E401FD4A9AB00005743 /* PushNotificationPayload.apns */,
				22519D7B1FD5988500D837E8 /* ParentConnector.swift */,
			);
			path = "Heart IntervalTraxR WatchKit Extension";
			sourceTree = "<group>";
		};
		22A39E4F1FD4A9C200005743 /* Frameworks */ = {
			isa = PBXGroup;
			children = (
				22A39E591FD4ABEF00005743 /* HealthKit.framework */,
				22A39E501FD4A9C200005743 /* HealthKit.framework */,
			);
			name = Frameworks;
			sourceTree = "<group>";
		};
/* End PBXGroup section */

/* Begin PBXNativeTarget section */
		22A39E101FD4A9AB00005743 /* Heart IntervalTraxR */ = {
			isa = PBXNativeTarget;
			buildConfigurationList = 22A39E4B1FD4A9AB00005743 /* Build configuration list for PBXNativeTarget "Heart IntervalTraxR" */;
			buildPhases = (
				22A39E0D1FD4A9AB00005743 /* Sources */,
				22A39E0E1FD4A9AB00005743 /* Frameworks */,
				22A39E0F1FD4A9AB00005743 /* Resources */,
				22A39E4A1FD4A9AB00005743 /* Embed Watch Content */,
			);
			buildRules = (
			);
			dependencies = (
				22A39E261FD4A9AB00005743 /* PBXTargetDependency */,
			);
			name = "Heart IntervalTraxR";
			productName = "Heart IntervalTraxR";
			productReference = 22A39E111FD4A9AB00005743 /* Heart IntervalTraxR.app */;
			productType = "com.apple.product-type.application";
		};
		22A39E221FD4A9AB00005743 /* Heart IntervalTraxR WatchKit App */ = {
			isa = PBXNativeTarget;
			buildConfigurationList = 22A39E471FD4A9AB00005743 /* Build configuration list for PBXNativeTarget "Heart IntervalTraxR WatchKit App" */;
			buildPhases = (
				22A39E211FD4A9AB00005743 /* Resources */,
				22A39E461FD4A9AB00005743 /* Embed App Extensions */,
			);
			buildRules = (
			);
			dependencies = (
				22A39E351FD4A9AB00005743 /* PBXTargetDependency */,
			);
			name = "Heart IntervalTraxR WatchKit App";
			productName = "Heart IntervalTraxR WatchKit App";
			productReference = 22A39E231FD4A9AB00005743 /* Heart IntervalTraxR WatchKit App.app */;
			productType = "com.apple.product-type.application.watchapp2";
		};
		22A39E311FD4A9AB00005743 /* Heart IntervalTraxR WatchKit Extension */ = {
			isa = PBXNativeTarget;
			buildConfigurationList = 22A39E431FD4A9AB00005743 /* Build configuration list for PBXNativeTarget "Heart IntervalTraxR WatchKit Extension" */;
			buildPhases = (
				22A39E2E1FD4A9AB00005743 /* Sources */,
				22A39E2F1FD4A9AB00005743 /* Frameworks */,
				22A39E301FD4A9AB00005743 /* Resources */,
			);
			buildRules = (
			);
			dependencies = (
			);
			name = "Heart IntervalTraxR WatchKit Extension";
			productName = "Heart IntervalTraxR WatchKit Extension";
			productReference = 22A39E321FD4A9AB00005743 /* Heart IntervalTraxR WatchKit Extension.appex */;
			productType = "com.apple.product-type.watchkit2-extension";
		};
/* End PBXNativeTarget section */

/* Begin PBXProject section */
		22A39E091FD4A9AB00005743 /* Project object */ = {
			isa = PBXProject;
			attributes = {
				LastSwiftUpdateCheck = 0910;
				LastUpgradeCheck = 0910;
				ORGANIZATIONNAME = "DJ McKay";
				TargetAttributes = {
					22A39E101FD4A9AB00005743 = {
						CreatedOnToolsVersion = 9.1;
						ProvisioningStyle = Automatic;
						SystemCapabilities = {
							com.apple.BackgroundModes = {
								enabled = 1;
							};
							com.apple.HealthKit = {
								enabled = 1;
							};
						};
					};
					22A39E221FD4A9AB00005743 = {
						CreatedOnToolsVersion = 9.1;
						ProvisioningStyle = Automatic;
					};
					22A39E311FD4A9AB00005743 = {
						CreatedOnToolsVersion = 9.1;
						ProvisioningStyle = Automatic;
						SystemCapabilities = {
							com.apple.BackgroundModes.watchos.extension = {
								enabled = 1;
							};
							com.apple.HealthKit.watchos = {
								enabled = 1;
							};
						};
					};
				};
			};
			buildConfigurationList = 22A39E0C1FD4A9AB00005743 /* Build configuration list for PBXProject "Heart IntervalTraxR" */;
			compatibilityVersion = "Xcode 8.0";
			developmentRegion = en;
			hasScannedForEncodings = 0;
			knownRegions = (
				en,
				Base,
			);
			mainGroup = 22A39E081FD4A9AB00005743;
			productRefGroup = 22A39E121FD4A9AB00005743 /* Products */;
			projectDirPath = "";
			projectRoot = "";
			targets = (
				22A39E101FD4A9AB00005743 /* Heart IntervalTraxR */,
				22A39E221FD4A9AB00005743 /* Heart IntervalTraxR WatchKit App */,
				22A39E311FD4A9AB00005743 /* Heart IntervalTraxR WatchKit Extension */,
			);
		};
/* End PBXProject section */

/* Begin PBXResourcesBuildPhase section */
		22A39E0F1FD4A9AB00005743 /* Resources */ = {
			isa = PBXResourcesBuildPhase;
			buildActionMask = 2147483647;
			files = (
				22A39E1F1FD4A9AB00005743 /* LaunchScreen.storyboard in Resources */,
				22A39E1C1FD4A9AB00005743 /* Assets.xcassets in Resources */,
				22A39E1A1FD4A9AB00005743 /* Main.storyboard in Resources */,
			);
			runOnlyForDeploymentPostprocessing = 0;
		};
		22A39E211FD4A9AB00005743 /* Resources */ = {
			isa = PBXResourcesBuildPhase;
			buildActionMask = 2147483647;
			files = (
				22A39E2C1FD4A9AB00005743 /* Assets.xcassets in Resources */,
				22A39E2A1FD4A9AB00005743 /* Interface.storyboard in Resources */,
			);
			runOnlyForDeploymentPostprocessing = 0;
		};
		22A39E301FD4A9AB00005743 /* Resources */ = {
			isa = PBXResourcesBuildPhase;
			buildActionMask = 2147483647;
			files = (
				22A39E3E1FD4A9AB00005743 /* Assets.xcassets in Resources */,
			);
			runOnlyForDeploymentPostprocessing = 0;
		};
/* End PBXResourcesBuildPhase section */

/* Begin PBXSourcesBuildPhase section */
		22A39E0D1FD4A9AB00005743 /* Sources */ = {
			isa = PBXSourcesBuildPhase;
			buildActionMask = 2147483647;
			files = (
				222104711FD6F1BD009A3362 /* UserHealthProfile.swift in Sources */,
				22F257451FD4C60200E1AD7F /* InterfaceControllerProtocol.swift in Sources */,
				22A39E171FD4A9AB00005743 /* ViewController.swift in Sources */,
				22519D791FD4D4E700D837E8 /* UserDefaultsManager.swift in Sources */,
				22F257441FD4C5FF00E1AD7F /* HeartIntervalController.swift in Sources */,
				22519D7E1FD599F400D837E8 /* WatchManager.swift in Sources */,
				22A39E151FD4A9AB00005743 /* AppDelegate.swift in Sources */,
				22F257431FD4B14C00E1AD7F /* HealthKitManager.swift in Sources */,
			);
			runOnlyForDeploymentPostprocessing = 0;
		};
		22A39E2E1FD4A9AB00005743 /* Sources */ = {
			isa = PBXSourcesBuildPhase;
			buildActionMask = 2147483647;
			files = (
				22A39E561FD4AA0E00005743 /* InterfaceControllerProtocol.swift in Sources */,
				2221046C1FD6E1F6009A3362 /* ProfileDataStore.swift in Sources */,
				2221046A1FD6DFD8009A3362 /* NewSessionController.swift in Sources */,
				22A39E571FD4AA0E00005743 /* HeartIntervalController.swift in Sources */,
				22AF42381FD884C400547A74 /* ConfigureDurationController.swift in Sources */,
				22A39E3C1FD4A9AB00005743 /* NotificationController.swift in Sources */,
				22519D7A1FD4D52E00D837E8 /* UserDefaultsManager.swift in Sources */,
				22A39E3A1FD4A9AB00005743 /* ExtensionDelegate.swift in Sources */,
				22519D7C1FD5988500D837E8 /* ParentConnector.swift in Sources */,
				222104701FD6E41E009A3362 /* UserHealthProfile.swift in Sources */,
				2221046E1FD6E387009A3362 /* ConfigureSessionController.swift in Sources */,
				22A39E551FD4AA0E00005743 /* HealthKitManager.swift in Sources */,
				22A39E381FD4A9AB00005743 /* InterfaceController.swift in Sources */,
			);
			runOnlyForDeploymentPostprocessing = 0;
		};
/* End PBXSourcesBuildPhase section */

/* Begin PBXTargetDependency section */
		22A39E261FD4A9AB00005743 /* PBXTargetDependency */ = {
			isa = PBXTargetDependency;
			target = 22A39E221FD4A9AB00005743 /* Heart IntervalTraxR WatchKit App */;
			targetProxy = 22A39E251FD4A9AB00005743 /* PBXContainerItemProxy */;
		};
		22A39E351FD4A9AB00005743 /* PBXTargetDependency */ = {
			isa = PBXTargetDependency;
			target = 22A39E311FD4A9AB00005743 /* Heart IntervalTraxR WatchKit Extension */;
			targetProxy = 22A39E341FD4A9AB00005743 /* PBXContainerItemProxy */;
		};
/* End PBXTargetDependency section */

/* Begin PBXVariantGroup section */
		22A39E181FD4A9AB00005743 /* Main.storyboard */ = {
			isa = PBXVariantGroup;
			children = (
				22A39E191FD4A9AB00005743 /* Base */,
			);
			name = Main.storyboard;
			sourceTree = "<group>";
		};
		22A39E1D1FD4A9AB00005743 /* LaunchScreen.storyboard */ = {
			isa = PBXVariantGroup;
			children = (
				22A39E1E1FD4A9AB00005743 /* Base */,
			);
			name = LaunchScreen.storyboard;
			sourceTree = "<group>";
		};
		22A39E281FD4A9AB00005743 /* Interface.storyboard */ = {
			isa = PBXVariantGroup;
			children = (
				22A39E291FD4A9AB00005743 /* Base */,
			);
			name = Interface.storyboard;
			sourceTree = "<group>";
		};
/* End PBXVariantGroup section */

/* Begin XCBuildConfiguration section */
		22A39E411FD4A9AB00005743 /* Debug */ = {
			isa = XCBuildConfiguration;
			buildSettings = {
				ALWAYS_SEARCH_USER_PATHS = NO;
				CLANG_ANALYZER_NONNULL = YES;
				CLANG_ANALYZER_NUMBER_OBJECT_CONVERSION = YES_AGGRESSIVE;
				CLANG_CXX_LANGUAGE_STANDARD = "gnu++14";
				CLANG_CXX_LIBRARY = "libc++";
				CLANG_ENABLE_MODULES = YES;
				CLANG_ENABLE_OBJC_ARC = YES;
				CLANG_WARN_BLOCK_CAPTURE_AUTORELEASING = YES;
				CLANG_WARN_BOOL_CONVERSION = YES;
				CLANG_WARN_COMMA = YES;
				CLANG_WARN_CONSTANT_CONVERSION = YES;
				CLANG_WARN_DIRECT_OBJC_ISA_USAGE = YES_ERROR;
				CLANG_WARN_DOCUMENTATION_COMMENTS = YES;
				CLANG_WARN_EMPTY_BODY = YES;
				CLANG_WARN_ENUM_CONVERSION = YES;
				CLANG_WARN_INFINITE_RECURSION = YES;
				CLANG_WARN_INT_CONVERSION = YES;
				CLANG_WARN_NON_LITERAL_NULL_CONVERSION = YES;
				CLANG_WARN_OBJC_LITERAL_CONVERSION = YES;
				CLANG_WARN_OBJC_ROOT_CLASS = YES_ERROR;
				CLANG_WARN_RANGE_LOOP_ANALYSIS = YES;
				CLANG_WARN_STRICT_PROTOTYPES = YES;
				CLANG_WARN_SUSPICIOUS_MOVE = YES;
				CLANG_WARN_UNGUARDED_AVAILABILITY = YES_AGGRESSIVE;
				CLANG_WARN_UNREACHABLE_CODE = YES;
				CLANG_WARN__DUPLICATE_METHOD_MATCH = YES;
				CODE_SIGN_IDENTITY = "iPhone Developer";
				COPY_PHASE_STRIP = NO;
				DEBUG_INFORMATION_FORMAT = dwarf;
				ENABLE_STRICT_OBJC_MSGSEND = YES;
				ENABLE_TESTABILITY = YES;
				GCC_C_LANGUAGE_STANDARD = gnu11;
				GCC_DYNAMIC_NO_PIC = NO;
				GCC_NO_COMMON_BLOCKS = YES;
				GCC_OPTIMIZATION_LEVEL = 0;
				GCC_PREPROCESSOR_DEFINITIONS = (
					"DEBUG=1",
					"$(inherited)",
				);
				GCC_WARN_64_TO_32_BIT_CONVERSION = YES;
				GCC_WARN_ABOUT_RETURN_TYPE = YES_ERROR;
				GCC_WARN_UNDECLARED_SELECTOR = YES;
				GCC_WARN_UNINITIALIZED_AUTOS = YES_AGGRESSIVE;
				GCC_WARN_UNUSED_FUNCTION = YES;
				GCC_WARN_UNUSED_VARIABLE = YES;
				IPHONEOS_DEPLOYMENT_TARGET = 11.1;
				MTL_ENABLE_DEBUG_INFO = YES;
				ONLY_ACTIVE_ARCH = YES;
				SDKROOT = iphoneos;
				SWIFT_ACTIVE_COMPILATION_CONDITIONS = DEBUG;
				SWIFT_OPTIMIZATION_LEVEL = "-Onone";
			};
			name = Debug;
		};
		22A39E421FD4A9AB00005743 /* Release */ = {
			isa = XCBuildConfiguration;
			buildSettings = {
				ALWAYS_SEARCH_USER_PATHS = NO;
				CLANG_ANALYZER_NONNULL = YES;
				CLANG_ANALYZER_NUMBER_OBJECT_CONVERSION = YES_AGGRESSIVE;
				CLANG_CXX_LANGUAGE_STANDARD = "gnu++14";
				CLANG_CXX_LIBRARY = "libc++";
				CLANG_ENABLE_MODULES = YES;
				CLANG_ENABLE_OBJC_ARC = YES;
				CLANG_WARN_BLOCK_CAPTURE_AUTORELEASING = YES;
				CLANG_WARN_BOOL_CONVERSION = YES;
				CLANG_WARN_COMMA = YES;
				CLANG_WARN_CONSTANT_CONVERSION = YES;
				CLANG_WARN_DIRECT_OBJC_ISA_USAGE = YES_ERROR;
				CLANG_WARN_DOCUMENTATION_COMMENTS = YES;
				CLANG_WARN_EMPTY_BODY = YES;
				CLANG_WARN_ENUM_CONVERSION = YES;
				CLANG_WARN_INFINITE_RECURSION = YES;
				CLANG_WARN_INT_CONVERSION = YES;
				CLANG_WARN_NON_LITERAL_NULL_CONVERSION = YES;
				CLANG_WARN_OBJC_LITERAL_CONVERSION = YES;
				CLANG_WARN_OBJC_ROOT_CLASS = YES_ERROR;
				CLANG_WARN_RANGE_LOOP_ANALYSIS = YES;
				CLANG_WARN_STRICT_PROTOTYPES = YES;
				CLANG_WARN_SUSPICIOUS_MOVE = YES;
				CLANG_WARN_UNGUARDED_AVAILABILITY = YES_AGGRESSIVE;
				CLANG_WARN_UNREACHABLE_CODE = YES;
				CLANG_WARN__DUPLICATE_METHOD_MATCH = YES;
				CODE_SIGN_IDENTITY = "iPhone Developer";
				COPY_PHASE_STRIP = NO;
				DEBUG_INFORMATION_FORMAT = "dwarf-with-dsym";
				ENABLE_NS_ASSERTIONS = NO;
				ENABLE_STRICT_OBJC_MSGSEND = YES;
				GCC_C_LANGUAGE_STANDARD = gnu11;
				GCC_NO_COMMON_BLOCKS = YES;
				GCC_WARN_64_TO_32_BIT_CONVERSION = YES;
				GCC_WARN_ABOUT_RETURN_TYPE = YES_ERROR;
				GCC_WARN_UNDECLARED_SELECTOR = YES;
				GCC_WARN_UNINITIALIZED_AUTOS = YES_AGGRESSIVE;
				GCC_WARN_UNUSED_FUNCTION = YES;
				GCC_WARN_UNUSED_VARIABLE = YES;
				IPHONEOS_DEPLOYMENT_TARGET = 11.1;
				MTL_ENABLE_DEBUG_INFO = NO;
				SDKROOT = iphoneos;
				SWIFT_OPTIMIZATION_LEVEL = "-Owholemodule";
				VALIDATE_PRODUCT = YES;
			};
			name = Release;
		};
		22A39E441FD4A9AB00005743 /* Debug */ = {
			isa = XCBuildConfiguration;
			buildSettings = {
				ASSETCATALOG_COMPILER_COMPLICATION_NAME = Complication;
				CODE_SIGN_ENTITLEMENTS = "Heart IntervalTraxR WatchKit Extension/Heart IntervalTraxR WatchKit Extension.entitlements";
				CODE_SIGN_STYLE = Automatic;
				DEVELOPMENT_TEAM = 8Q5Q8VAQZ5;
				INFOPLIST_FILE = "Heart IntervalTraxR WatchKit Extension/Info.plist";
				LD_RUNPATH_SEARCH_PATHS = "$(inherited) @executable_path/Frameworks @executable_path/../../Frameworks";
				PRODUCT_BUNDLE_IDENTIFIER = "com.jeanoelyse.Heart-IntervalTraxR.watchkitapp.watchkitextension";
				PRODUCT_NAME = "${TARGET_NAME}";
				SDKROOT = watchos;
				SKIP_INSTALL = YES;
				SWIFT_VERSION = 4.0;
				TARGETED_DEVICE_FAMILY = 4;
				WATCHOS_DEPLOYMENT_TARGET = 4.1;
			};
			name = Debug;
		};
		22A39E451FD4A9AB00005743 /* Release */ = {
			isa = XCBuildConfiguration;
			buildSettings = {
				ASSETCATALOG_COMPILER_COMPLICATION_NAME = Complication;
				CODE_SIGN_ENTITLEMENTS = "Heart IntervalTraxR WatchKit Extension/Heart IntervalTraxR WatchKit Extension.entitlements";
				CODE_SIGN_STYLE = Automatic;
				DEVELOPMENT_TEAM = 8Q5Q8VAQZ5;
				INFOPLIST_FILE = "Heart IntervalTraxR WatchKit Extension/Info.plist";
				LD_RUNPATH_SEARCH_PATHS = "$(inherited) @executable_path/Frameworks @executable_path/../../Frameworks";
				PRODUCT_BUNDLE_IDENTIFIER = "com.jeanoelyse.Heart-IntervalTraxR.watchkitapp.watchkitextension";
				PRODUCT_NAME = "${TARGET_NAME}";
				SDKROOT = watchos;
				SKIP_INSTALL = YES;
				SWIFT_VERSION = 4.0;
				TARGETED_DEVICE_FAMILY = 4;
				WATCHOS_DEPLOYMENT_TARGET = 4.1;
			};
			name = Release;
		};
		22A39E481FD4A9AB00005743 /* Debug */ = {
			isa = XCBuildConfiguration;
			buildSettings = {
				ALWAYS_EMBED_SWIFT_STANDARD_LIBRARIES = YES;
				ASSETCATALOG_COMPILER_APPICON_NAME = AppIcon;
				CODE_SIGN_STYLE = Automatic;
				DEVELOPMENT_TEAM = 8Q5Q8VAQZ5;
				IBSC_MODULE = Heart_IntervalTraxR_WatchKit_Extension;
				INFOPLIST_FILE = "Heart IntervalTraxR WatchKit App/Info.plist";
				PRODUCT_BUNDLE_IDENTIFIER = "com.jeanoelyse.Heart-IntervalTraxR.watchkitapp";
				PRODUCT_NAME = "$(TARGET_NAME)";
				SDKROOT = watchos;
				SKIP_INSTALL = YES;
				SWIFT_VERSION = 4.0;
				TARGETED_DEVICE_FAMILY = 4;
				WATCHOS_DEPLOYMENT_TARGET = 4.1;
			};
			name = Debug;
		};
		22A39E491FD4A9AB00005743 /* Release */ = {
			isa = XCBuildConfiguration;
			buildSettings = {
				ALWAYS_EMBED_SWIFT_STANDARD_LIBRARIES = YES;
				ASSETCATALOG_COMPILER_APPICON_NAME = AppIcon;
				CODE_SIGN_STYLE = Automatic;
				DEVELOPMENT_TEAM = 8Q5Q8VAQZ5;
				IBSC_MODULE = Heart_IntervalTraxR_WatchKit_Extension;
				INFOPLIST_FILE = "Heart IntervalTraxR WatchKit App/Info.plist";
				PRODUCT_BUNDLE_IDENTIFIER = "com.jeanoelyse.Heart-IntervalTraxR.watchkitapp";
				PRODUCT_NAME = "$(TARGET_NAME)";
				SDKROOT = watchos;
				SKIP_INSTALL = YES;
				SWIFT_VERSION = 4.0;
				TARGETED_DEVICE_FAMILY = 4;
				WATCHOS_DEPLOYMENT_TARGET = 4.1;
			};
			name = Release;
		};
		22A39E4C1FD4A9AB00005743 /* Debug */ = {
			isa = XCBuildConfiguration;
			buildSettings = {
				ASSETCATALOG_COMPILER_APPICON_NAME = AppIcon;
				CODE_SIGN_ENTITLEMENTS = "Heart IntervalTraxR/Heart IntervalTraxR.entitlements";
				CODE_SIGN_STYLE = Automatic;
				DEVELOPMENT_TEAM = 8Q5Q8VAQZ5;
				INFOPLIST_FILE = "Heart IntervalTraxR/Info.plist";
				LD_RUNPATH_SEARCH_PATHS = "$(inherited) @executable_path/Frameworks";
				PRODUCT_BUNDLE_IDENTIFIER = "com.jeanoelyse.Heart-IntervalTraxR";
				PRODUCT_NAME = "$(TARGET_NAME)";
				SWIFT_VERSION = 4.0;
				TARGETED_DEVICE_FAMILY = "1,2";
			};
			name = Debug;
		};
		22A39E4D1FD4A9AB00005743 /* Release */ = {
			isa = XCBuildConfiguration;
			buildSettings = {
				ASSETCATALOG_COMPILER_APPICON_NAME = AppIcon;
				CODE_SIGN_ENTITLEMENTS = "Heart IntervalTraxR/Heart IntervalTraxR.entitlements";
				CODE_SIGN_STYLE = Automatic;
				DEVELOPMENT_TEAM = 8Q5Q8VAQZ5;
				INFOPLIST_FILE = "Heart IntervalTraxR/Info.plist";
				LD_RUNPATH_SEARCH_PATHS = "$(inherited) @executable_path/Frameworks";
				PRODUCT_BUNDLE_IDENTIFIER = "com.jeanoelyse.Heart-IntervalTraxR";
				PRODUCT_NAME = "$(TARGET_NAME)";
				SWIFT_VERSION = 4.0;
				TARGETED_DEVICE_FAMILY = "1,2";
			};
			name = Release;
		};
/* End XCBuildConfiguration section */

/* Begin XCConfigurationList section */
		22A39E0C1FD4A9AB00005743 /* Build configuration list for PBXProject "Heart IntervalTraxR" */ = {
			isa = XCConfigurationList;
			buildConfigurations = (
				22A39E411FD4A9AB00005743 /* Debug */,
				22A39E421FD4A9AB00005743 /* Release */,
			);
			defaultConfigurationIsVisible = 0;
			defaultConfigurationName = Release;
		};
		22A39E431FD4A9AB00005743 /* Build configuration list for PBXNativeTarget "Heart IntervalTraxR WatchKit Extension" */ = {
			isa = XCConfigurationList;
			buildConfigurations = (
				22A39E441FD4A9AB00005743 /* Debug */,
				22A39E451FD4A9AB00005743 /* Release */,
			);
			defaultConfigurationIsVisible = 0;
			defaultConfigurationName = Release;
		};
		22A39E471FD4A9AB00005743 /* Build configuration list for PBXNativeTarget "Heart IntervalTraxR WatchKit App" */ = {
			isa = XCConfigurationList;
			buildConfigurations = (
				22A39E481FD4A9AB00005743 /* Debug */,
				22A39E491FD4A9AB00005743 /* Release */,
			);
			defaultConfigurationIsVisible = 0;
			defaultConfigurationName = Release;
		};
		22A39E4B1FD4A9AB00005743 /* Build configuration list for PBXNativeTarget "Heart IntervalTraxR" */ = {
			isa = XCConfigurationList;
			buildConfigurations = (
				22A39E4C1FD4A9AB00005743 /* Debug */,
				22A39E4D1FD4A9AB00005743 /* Release */,
			);
			defaultConfigurationIsVisible = 0;
			defaultConfigurationName = Release;
		};
/* End XCConfigurationList section */
	};
	rootObject = 22A39E091FD4A9AB00005743 /* Project object */;
}
